
Microsoft Visual Studio Solution File, Format Version 12.00
# Visual Studio Version 16
VisualStudioVersion = 16.0.30021.99
MinimumVisualStudioVersion = 10.0.40219.1
Project("{FAE04EC0-301F-11D3-BF4B-00C04F79EFBC}") = "RPAServer", "RPAServer.csproj", "{C17C6310-1868-4A61-9BEA-CA73D9641036}"
EndProject
Global
	GlobalSection(SolutionConfigurationPlatforms) = preSolution
		Debug|Any CPU = Debug|Any CPU
		Release|Any CPU = Release|Any CPU
	EndGlobalSection
	GlobalSection(ProjectConfigurationPlatforms) = postSolution
		{C17C6310-1868-4A61-9BEA-CA73D9641036}.Debug|Any CPU.ActiveCfg = Debug|Any CPU
		{C17C6310-1868-4A61-9BEA-CA73D9641036}.Debug|Any CPU.Build.0 = Debug|Any CPU
		{C17C6310-1868-4A61-9BEA-CA73D9641036}.Release|Any CPU.ActiveCfg = Release|Any CPU
		{C17C6310-1868-4A61-9BEA-CA73D9641036}.Release|Any CPU.Build.0 = Release|Any CPU
	EndGlobalSection
	GlobalSection(SolutionProperties) = preSolution
		HideSolutionNode = FALSE
	EndGlobalSection
	GlobalSection(ExtensibilityGlobals) = postSolution
		SolutionGuid = {365D6C82-A353-44FF-A764-7BB637E73B77}
	EndGlobalSection
EndGlobal
